
Microsoft Visual Studio Solution File, Format Version 12.00
# Visual Studio Version 16
VisualStudioVersion = 16.0.29503.13
MinimumVisualStudioVersion = 10.0.40219.1
Project("{FAE04EC0-301F-11D3-BF4B-00C04F79EFBC}") = "listaa", "listaa\listaa.csproj", "{28CC1A0A-F72F-4DCA-A8C7-F8BCE58F5463}"
EndProject
Global
	GlobalSection(SolutionConfigurationPlatforms) = preSolution
		Debug|Any CPU = Debug|Any CPU
		Release|Any CPU = Release|Any CPU
	EndGlobalSection
	GlobalSection(ProjectConfigurationPlatforms) = postSolution
		{28CC1A0A-F72F-4DCA-A8C7-F8BCE58F5463}.Debug|Any CPU.ActiveCfg = Debug|Any CPU
		{28CC1A0A-F72F-4DCA-A8C7-F8BCE58F5463}.Debug|Any CPU.Build.0 = Debug|Any CPU
		{28CC1A0A-F72F-4DCA-A8C7-F8BCE58F5463}.Release|Any CPU.ActiveCfg = Release|Any CPU
		{28CC1A0A-F72F-4DCA-A8C7-F8BCE58F5463}.Release|Any CPU.Build.0 = Release|Any CPU
	EndGlobalSection
	GlobalSection(SolutionProperties) = preSolution
		HideSolutionNode = FALSE
	EndGlobalSection
	GlobalSection(ExtensibilityGlobals) = postSolution
		SolutionGuid = {D6ECC69C-4682-4003-B6D8-97335435C1D3}
	EndGlobalSection
EndGlobal
